<?xml version="1.0" encoding="utf-8"?>
<Project ToolsVersion="4.0" xmlns="http://schemas.microsoft.com/developer/msbuild/2003">
  <ItemGroup>
    <Filter Include="Source Files">
      <UniqueIdentifier>{4FC737F1-C7A5-4376-A066-2A32D752A2FF}</UniqueIdentifier>
      <Extensions>cpp;c;cc;cxx;c++;cppm;ixx;def;odl;idl;hpj;bat;asm;asmx</Extensions>
    </Filter>
    <Filter Include="Header Files">
      <UniqueIdentifier>{93995380-89BD-4b04-88EB-625FBE52EBFB}</UniqueIdentifier>
      <Extensions>h;hh;hpp;hxx;h++;hm;inl;inc;ipp;xsd</Extensions>
    </Filter>
    <Filter Include="Resource Files">
      <UniqueIdentifier>{67DA6AB6-F800-4c08-8B7A-83BB121AAD01}</UniqueIdentifier>
      <Extensions>rc;ico;cur;bmp;dlg;rc2;rct;bin;rgs;gif;jpg;jpeg;jpe;resx;tiff;tif;png;wav;mfcribbon-ms</Extensions>
    </Filter>
  </ItemGroup>
  <ItemGroup>
    <ClCompile Include="main.cpp">
      <Filter>Source Files</Filter>
    </ClCompile>
    <ClCompile Include="src\AIController.cpp">
      <Filter>Source Files</Filter>
    </ClCompile>
    <ClCompile Include="src\Dice.cpp">
      <Filter>Source Files</Filter>
    </ClCompile>
    <ClCompile Include="src\DiceSet.cpp">
      <Filter>Source Files</Filter>
    </ClCompile>
    <ClCompile Include="src\Game.cpp">
      <Filter>Source Files</Filter>
    </ClCompile>
    <ClCompile Include="src\HumanController.cpp">
      <Filter>Source Files</Filter>
    </ClCompile>
    <ClCompile Include="src\Kartice10.cpp">
      <Filter>Source Files</Filter>
    </ClCompile>
    <ClCompile Include="src\KarticeDeck.cpp">
      <Filter>Source Files</Filter>
    </ClCompile>
    <ClCompile Include="src\Player.cpp">
      <Filter>Source Files</Filter>
    </ClCompile>
    <ClCompile Include="src\UIPloča.cpp">
      <Filter>Source Files</Filter>
    </ClCompile>
    <ClCompile Include="src\UIKockice.cpp">
      <Filter>Source Files</Filter>
    </ClCompile>
    <ClCompile Include="src\UIGumb.cpp">
      <Filter>Source Files</Filter>
    </ClCompile>
    <ClCompile Include="src\UIManager.cpp">
      <Filter>Source Files</Filter>
    </ClCompile>
    <ClCompile Include="src\UIPocetniEkran.cpp">
      <Filter>Source Files</Filter>
    </ClCompile>
    <ClCompile Include="src\UIPravila.cpp">
      <Filter>Source Files</Filter>
    </ClCompile>
    <ClCompile Include="src\UIDeckPanel.cpp">
      <Filter>Source Files</Filter>
    </ClCompile>
    <ClCompile Include="src\GameOverEkran.cpp">
      <Filter>Source Files</Filter>
    </ClCompile>
  </ItemGroup>
  <ItemGroup>
    <ClInclude Include="include\AIController.h">
      <Filter>Header Files</Filter>
    </ClInclude>
    <ClInclude Include="include\Dice.h">
      <Filter>Header Files</Filter>
    </ClInclude>
    <ClInclude Include="include\DiceFace.h">
      <Filter>Header Files</Filter>
    </ClInclude>
    <ClInclude Include="include\DiceSet.h">
      <Filter>Header Files</Filter>
    </ClInclude>
    <ClInclude Include="include\Game.h">
      <Filter>Header Files</Filter>
    </ClInclude>
    <ClInclude Include="include\HumanController.h">
      <Filter>Header Files</Filter>
    </ClInclude>
    <ClInclude Include="include\IController.h">
      <Filter>Header Files</Filter>
    </ClInclude>
    <ClInclude Include="include\Kartice10.h">
      <Filter>Header Files</Filter>
    </ClInclude>
    <ClInclude Include="include\KarticeCijena.h">
      <Filter>Header Files</Filter>
    </ClInclude>
    <ClInclude Include="include\KarticeDeck.h">
      <Filter>Header Files</Filter>
    </ClInclude>
    <ClInclude Include="include\Player.h">
      <Filter>Header Files</Filter>
    </ClInclude>
    <ClInclude Include="include\PowerKartice.h">
      <Filter>Header Files</Filter>
    </ClInclude>
    <ClInclude Include="include\KarticeUI.h">
      <Filter>Header Files</Filter>
    </ClInclude>
    <ClInclude Include="include\UIPloča.h">
      <Filter>Header Files</Filter>
    </ClInclude>
    <ClInclude Include="include\UIKockice.h">
      <Filter>Header Files</Filter>
    </ClInclude>
    <ClInclude Include="include\UIGumb.h">
      <Filter>Header Files</Filter>
    </ClInclude>
    <ClInclude Include="include\UIManager.h">
      <Filter>Header Files</Filter>
    </ClInclude>
    <ClInclude Include="include\UIPocetniEkran.h">
      <Filter>Header Files</Filter>
    </ClInclude>
    <ClInclude Include="include\UIPravila.h">
      <Filter>Header Files</Filter>
    </ClInclude>
    <ClInclude Include="include\UIDeckPanel.h">
      <Filter>Header Files</Filter>
    </ClInclude>
    <ClInclude Include="include\GameOverEkran.h">
      <Filter>Header Files</Filter>
    </ClInclude>
  </ItemGroup>
  <ItemGroup>
    <Font Include="assets\DejaVuSans.ttf" />
  </ItemGroup>
</Project>